
Microsoft Visual Studio Solution File, Format Version 12.00
# Visual Studio Version 17
VisualStudioVersion = 17.10.35013.160
MinimumVisualStudioVersion = 10.0.40219.1
Project("{FAE04EC0-301F-11D3-BF4B-00C04F79EFBC}") = "JimJiangApp", "JimJiangApp\JimJiangApp.csproj", "{CAC8AF87-1891-4CD1-A2D0-DA6B6C26B21A}"
EndProject
Global
	GlobalSection(SolutionConfigurationPlatforms) = preSolution
		Debug|ARM64 = Debug|ARM64
		Debug|x64 = Debug|x64
		Debug|x86 = Debug|x86
		Release|ARM64 = Release|ARM64
		Release|x64 = Release|x64
		Release|x86 = Release|x86
	EndGlobalSection
	GlobalSection(ProjectConfigurationPlatforms) = postSolution
		{CAC8AF87-1891-4CD1-A2D0-DA6B6C26B21A}.Debug|ARM64.ActiveCfg = Debug|ARM64
		{CAC8AF87-1891-4CD1-A2D0-DA6B6C26B21A}.Debug|ARM64.Build.0 = Debug|ARM64
		{CAC8AF87-1891-4CD1-A2D0-DA6B6C26B21A}.Debug|ARM64.Deploy.0 = Debug|ARM64
		{CAC8AF87-1891-4CD1-A2D0-DA6B6C26B21A}.Debug|x64.ActiveCfg = Debug|x64
		{CAC8AF87-1891-4CD1-A2D0-DA6B6C26B21A}.Debug|x64.Build.0 = Debug|x64
		{CAC8AF87-1891-4CD1-A2D0-DA6B6C26B21A}.Debug|x64.Deploy.0 = Debug|x64
		{CAC8AF87-1891-4CD1-A2D0-DA6B6C26B21A}.Debug|x86.ActiveCfg = Debug|x86
		{CAC8AF87-1891-4CD1-A2D0-DA6B6C26B21A}.Debug|x86.Build.0 = Debug|x86
		{CAC8AF87-1891-4CD1-A2D0-DA6B6C26B21A}.Debug|x86.Deploy.0 = Debug|x86
		{CAC8AF87-1891-4CD1-A2D0-DA6B6C26B21A}.Release|ARM64.ActiveCfg = Release|ARM64
		{CAC8AF87-1891-4CD1-A2D0-DA6B6C26B21A}.Release|ARM64.Build.0 = Release|ARM64
		{CAC8AF87-1891-4CD1-A2D0-DA6B6C26B21A}.Release|ARM64.Deploy.0 = Release|ARM64
		{CAC8AF87-1891-4CD1-A2D0-DA6B6C26B21A}.Release|x64.ActiveCfg = Release|x64
		{CAC8AF87-1891-4CD1-A2D0-DA6B6C26B21A}.Release|x64.Build.0 = Release|x64
		{CAC8AF87-1891-4CD1-A2D0-DA6B6C26B21A}.Release|x64.Deploy.0 = Release|x64
		{CAC8AF87-1891-4CD1-A2D0-DA6B6C26B21A}.Release|x86.ActiveCfg = Release|x86
		{CAC8AF87-1891-4CD1-A2D0-DA6B6C26B21A}.Release|x86.Build.0 = Release|x86
		{CAC8AF87-1891-4CD1-A2D0-DA6B6C26B21A}.Release|x86.Deploy.0 = Release|x86
	EndGlobalSection
	GlobalSection(SolutionProperties) = preSolution
		HideSolutionNode = FALSE
	EndGlobalSection
	GlobalSection(ExtensibilityGlobals) = postSolution
		SolutionGuid = {9BA36B15-281E-45EE-B556-F0E825F46702}
	EndGlobalSection
EndGlobal
